{
  "name": "Browser4-4.9",
  "lockfileVersion": 3,
  "requires": true,
  "packages": {
    "": {
      "dependencies": {
        "browser4-cli": "^0.1.5"
      }
    },
    "node_modules/browser4-cli": {
      "version": "0.1.5",
      "resolved": "https://registry.npmjs.org/browser4-cli/-/browser4-cli-0.1.5.tgz",
      "integrity": "sha512-1QRrfDT93UMt5OPjQWSz82c4okiDgapRO7MgMTpru0UMwxRT+R+tM4QfNi4z3vZaOfH0guWdEYnozjD+ca3w0Q==",
      "hasInstallScript": true,
      "bin": {
        "browser4": "bin/browser4-cli.js"
      }
    }
  }
}
