{
  "name": "browser4-cli",
  "version": "4.13.9",
  "lockfileVersion": 3,
  "requires": true,
  "packages": {
    "": {
      "name": "browser4-cli",
      "version": "4.13.9",
      "hasInstallScript": true,
      "license": "Apache-2.0",
      "bin": {
        "browser4": "bin/browser4-cli.js",
        "browser4-cli": "bin/browser4-cli.js"
      }
    }
  }
}
